
Microsoft Visual Studio Solution File, Format Version 10.00
# Visual Studio 2008
Project("{FAE04EC0-301F-11D3-BF4B-00C04F79EFBC}") = "INB271Assignment2", "INB271Assignment2\INB271Assignment2.csproj", "{2802E5A9-E838-4993-8B2A-F9A4C5AE34D5}"
EndProject
Global
	GlobalSection(SolutionConfigurationPlatforms) = preSolution
		Debug|Any CPU = Debug|Any CPU
		Release|Any CPU = Release|Any CPU
	EndGlobalSection
	GlobalSection(ProjectConfigurationPlatforms) = postSolution
		{2802E5A9-E838-4993-8B2A-F9A4C5AE34D5}.Debug|Any CPU.ActiveCfg = Debug|Any CPU
		{2802E5A9-E838-4993-8B2A-F9A4C5AE34D5}.Debug|Any CPU.Build.0 = Debug|Any CPU
		{2802E5A9-E838-4993-8B2A-F9A4C5AE34D5}.Release|Any CPU.ActiveCfg = Release|Any CPU
		{2802E5A9-E838-4993-8B2A-F9A4C5AE34D5}.Release|Any CPU.Build.0 = Release|Any CPU
	EndGlobalSection
	GlobalSection(SolutionProperties) = preSolution
		HideSolutionNode = FALSE
	EndGlobalSection
EndGlobal
